
Microsoft Visual Studio Solution File, Format Version 12.00
# Visual Studio Version 17
VisualStudioVersion = 17.6.33723.286
MinimumVisualStudioVersion = 10.0.40219.1
Project("{FAE04EC0-301F-11D3-BF4B-00C04F79EFBC}") = "NET22-WebAppDevopsTest", "NET22-WebAppDevopsTest\NET22-WebAppDevopsTest.csproj", "{1D0F864B-0D34-4BD4-B26C-636497F8AC5A}"
EndProject
Project("{FAE04EC0-301F-11D3-BF4B-00C04F79EFBC}") = "TestProject2", "TestProject2\TestProject2.csproj", "{8419A02A-0970-4EAB-9B21-28D432058BEE}"
EndProject
Global
	GlobalSection(SolutionConfigurationPlatforms) = preSolution
		Debug|Any CPU = Debug|Any CPU
		Release|Any CPU = Release|Any CPU
	EndGlobalSection
	GlobalSection(ProjectConfigurationPlatforms) = postSolution
		{1D0F864B-0D34-4BD4-B26C-636497F8AC5A}.Debug|Any CPU.ActiveCfg = Debug|Any CPU
		{1D0F864B-0D34-4BD4-B26C-636497F8AC5A}.Debug|Any CPU.Build.0 = Debug|Any CPU
		{1D0F864B-0D34-4BD4-B26C-636497F8AC5A}.Release|Any CPU.ActiveCfg = Release|Any CPU
		{1D0F864B-0D34-4BD4-B26C-636497F8AC5A}.Release|Any CPU.Build.0 = Release|Any CPU
		{8419A02A-0970-4EAB-9B21-28D432058BEE}.Debug|Any CPU.ActiveCfg = Debug|Any CPU
		{8419A02A-0970-4EAB-9B21-28D432058BEE}.Debug|Any CPU.Build.0 = Debug|Any CPU
		{8419A02A-0970-4EAB-9B21-28D432058BEE}.Release|Any CPU.ActiveCfg = Release|Any CPU
		{8419A02A-0970-4EAB-9B21-28D432058BEE}.Release|Any CPU.Build.0 = Release|Any CPU
	EndGlobalSection
	GlobalSection(SolutionProperties) = preSolution
		HideSolutionNode = FALSE
	EndGlobalSection
	GlobalSection(ExtensibilityGlobals) = postSolution
		SolutionGuid = {2237BBEC-9019-4C94-B8FA-EE156F7E3030}
	EndGlobalSection
EndGlobal
